{
  "originHash" : "6f95daad4d90f4f6a78fbfcd4a60f14c03ce9dcf239de02f0db6f75ac3dc1d81",
  "pins" : [
    {
      "identity" : "coreml-stable-diffusion-swift",
      "kind" : "remoteSourceControl",
      "location" : "https://github.com/swiftuiux/coreml-stable-diffusion-swift",
      "state" : {
        "branch" : "main",
        "revision" : "211c779ebbc9344e8c7f6f5537b99afb8983cbeb"
      }
    },
    {
      "identity" : "files",
      "kind" : "remoteSourceControl",
      "location" : "https://github.com/JohnSundell/Files.git",
      "state" : {
        "revision" : "e85f2b4a8dfa0f242889f45236f3867d16e40480",
        "version" : "4.3.0"
      }
    },
    {
      "identity" : "ml-stable-diffusion",
      "kind" : "remoteSourceControl",
      "location" : "https://github.com/apple/ml-stable-diffusion.git",
      "state" : {
        "revision" : "5a170d29cf38e674b80541d7ce22929c6a11cdde",
        "version" : "1.1.1"
      }
    },
    {
      "identity" : "swift-argument-parser",
      "kind" : "remoteSourceControl",
      "location" : "https://github.com/apple/swift-argument-parser.git",
      "state" : {
        "revision" : "309a47b2b1d9b5e991f36961c983ecec72275be3",
        "version" : "1.6.1"
      }
    }
  ],
  "version" : 3
}
